// !$*UTF8*$!
{
	archiveVersion = 1;
	classes = {
	};
	objectVersion = 77;
	objects = {

/* Begin PBXBuildFile section */
		6A80A6382FC45E9000D71083 /* MealAiVision.framework in Frameworks */ = {isa = PBXBuildFile; fileRef = 6A80A6302FC45E9000D71083 /* MealAiVision.framework */; };
		6A80A6392FC45E9000D71083 /* MealAiVision.framework in Embed Frameworks */ = {isa = PBXBuildFile; fileRef = 6A80A6302FC45E9000D71083 /* MealAiVision.framework */; settings = {ATTRIBUTES = (CodeSignOnCopy, RemoveHeadersOnCopy, ); }; };
		6AC0CA7100000000000000A1 /* CoreLocation.framework in Frameworks */ = {isa = PBXBuildFile; fileRef = 6AC0CA7100000000000000A2 /* CoreLocation.framework */; };
		6ADB0E062FBB800300BCF21E /* FirebaseAnalytics in Frameworks */ = {isa = PBXBuildFile; productRef = 6ADB0E052FBB800300BCF21E /* FirebaseAnalytics */; };
		6ADB0E082FBB800300BCF21E /* FirebaseAnalyticsCore in Frameworks */ = {isa = PBXBuildFile; productRef = 6ADB0E072FBB800300BCF21E /* FirebaseAnalyticsCore */; };
		6ADB0E0A2FBB800300BCF21E /* FirebaseAnalyticsIdentitySupport in Frameworks */ = {isa = PBXBuildFile; productRef = 6ADB0E092FBB800300BCF21E /* FirebaseAnalyticsIdentitySupport */; };
		6ADB0E0C2FBB800300BCF21E /* FirebaseAuth in Frameworks */ = {isa = PBXBuildFile; productRef = 6ADB0E0B2FBB800300BCF21E /* FirebaseAuth */; };
		6ADB0E0E2FBB800300BCF21E /* FirebaseCore in Frameworks */ = {isa = PBXBuildFile; productRef = 6ADB0E0D2FBB800300BCF21E /* FirebaseCore */; };
		6ADB0E102FBB800300BCF21E /* FirebaseCrashlytics in Frameworks */ = {isa = PBXBuildFile; productRef = 6ADB0E0F2FBB800300BCF21E /* FirebaseCrashlytics */; };
		6ADB0E122FBB800300BCF21E /* FirebaseFirestore in Frameworks */ = {isa = PBXBuildFile; productRef = 6ADB0E112FBB800300BCF21E /* FirebaseFirestore */; };
		6ADB0E142FBB800300BCF21E /* FirebaseMessaging in Frameworks */ = {isa = PBXBuildFile; productRef = 6ADB0E132FBB800300BCF21E /* FirebaseMessaging */; };
		6ADB0E162FBB800300BCF21E /* FirebaseStorage in Frameworks */ = {isa = PBXBuildFile; productRef = 6ADB0E152FBB800300BCF21E /* FirebaseStorage */; };
		6ADB0E192FBB805800BCF21E /* GoogleSignIn in Frameworks */ = {isa = PBXBuildFile; productRef = 6ADB0E182FBB805800BCF21E /* GoogleSignIn */; };
		6ADB0E1B2FBB805800BCF21E /* GoogleSignInSwift in Frameworks */ = {isa = PBXBuildFile; productRef = 6ADB0E1A2FBB805800BCF21E /* GoogleSignInSwift */; };
		6ADB0E1D2FBB800300BCF21E /* FirebaseFunctions in Frameworks */ = {isa = PBXBuildFile; productRef = 6ADB0E1C2FBB800300BCF21E /* FirebaseFunctions */; };
		77542A95B36F163D6548083D /* libPods-MealAiVision.a in Frameworks */ = {isa = PBXBuildFile; fileRef = DAD561004B3C6829202F5EF8 /* libPods-MealAiVision.a */; };
/* End PBXBuildFile section */

/* Begin PBXContainerItemProxy section */
		6A80A6362FC45E9000D71083 /* PBXContainerItemProxy */ = {
			isa = PBXContainerItemProxy;
			containerPortal = 639BDF8EC17A836721998E94 /* Project object */;
			proxyType = 1;
			remoteGlobalIDString = 6A80A62F2FC45E9000D71083;
			remoteInfo = MealAiVision;
		};
/* End PBXContainerItemProxy section */

/* Begin PBXCopyFilesBuildPhase section */
		6A80A63A2FC45E9000D71083 /* Embed Frameworks */ = {
			isa = PBXCopyFilesBuildPhase;
			buildActionMask = 2147483647;
			dstPath = "";
			dstSubfolderSpec = 10;
			files = (
				6A80A6392FC45E9000D71083 /* MealAiVision.framework in Embed Frameworks */,
			);
			name = "Embed Frameworks";
			runOnlyForDeploymentPostprocessing = 0;
		};
/* End PBXCopyFilesBuildPhase section */

/* Begin PBXFileReference section */
		2250B356FD973D8CF8F13981 /* FoodRats.app */ = {isa = PBXFileReference; explicitFileType = wrapper.application; includeInIndex = 0; path = FoodRats.app; sourceTree = BUILT_PRODUCTS_DIR; };
		6A80A6302FC45E9000D71083 /* MealAiVision.framework */ = {isa = PBXFileReference; explicitFileType = wrapper.framework; includeInIndex = 0; path = MealAiVision.framework; sourceTree = BUILT_PRODUCTS_DIR; };
		6AC0CA7100000000000000A2 /* CoreLocation.framework */ = {isa = PBXFileReference; lastKnownFileType = wrapper.framework; name = CoreLocation.framework; path = System/Library/Frameworks/CoreLocation.framework; sourceTree = SDKROOT; };
		CF22B23EE642ED3DA453E004 /* Pods-MealAiVision.release.xcconfig */ = {isa = PBXFileReference; includeInIndex = 1; lastKnownFileType = text.xcconfig; name = "Pods-MealAiVision.release.xcconfig"; path = "Target Support Files/Pods-MealAiVision/Pods-MealAiVision.release.xcconfig"; sourceTree = "<group>"; };
		DAD561004B3C6829202F5EF8 /* libPods-MealAiVision.a */ = {isa = PBXFileReference; explicitFileType = archive.ar; includeInIndex = 0; path = "libPods-MealAiVision.a"; sourceTree = BUILT_PRODUCTS_DIR; };
		E49AB1A9725C79AC87065BB0 /* Pods-MealAiVision.debug.xcconfig */ = {isa = PBXFileReference; includeInIndex = 1; lastKnownFileType = text.xcconfig; name = "Pods-MealAiVision.debug.xcconfig"; path = "Target Support Files/Pods-MealAiVision/Pods-MealAiVision.debug.xcconfig"; sourceTree = "<group>"; };
/* End PBXFileReference section */

/* Begin PBXFileSystemSynchronizedBuildFileExceptionSet section */
		F69654E19CF28087313118A2 /* Exceptions for "iosApp" folder in "iosApp" target */ = {
			isa = PBXFileSystemSynchronizedBuildFileExceptionSet;
			membershipExceptions = (
				Info.plist,
			);
			target = E66734FA6FEB43BC7BA06321 /* iosApp */;
		};
/* End PBXFileSystemSynchronizedBuildFileExceptionSet section */

/* Begin PBXFileSystemSynchronizedRootGroup section */
		6A80A6312FC45E9000D71083 /* MealAiVision */ = {
			isa = PBXFileSystemSynchronizedRootGroup;
			path = MealAiVision;
			sourceTree = "<group>";
		};
		9C81C07F6F3274ED9DBEED23 /* Configuration */ = {
			isa = PBXFileSystemSynchronizedRootGroup;
			path = Configuration;
			sourceTree = "<group>";
		};
		EA0799DCD3E76EAFB883865E /* iosApp */ = {
			isa = PBXFileSystemSynchronizedRootGroup;
			exceptions = (
				F69654E19CF28087313118A2 /* Exceptions for "iosApp" folder in "iosApp" target */,
			);
			path = iosApp;
			sourceTree = "<group>";
		};
/* End PBXFileSystemSynchronizedRootGroup section */

/* Begin PBXFrameworksBuildPhase section */
		6A80A62D2FC45E9000D71083 /* Frameworks */ = {
			isa = PBXFrameworksBuildPhase;
			buildActionMask = 2147483647;
			files = (
				77542A95B36F163D6548083D /* libPods-MealAiVision.a in Frameworks */,
			);
			runOnlyForDeploymentPostprocessing = 0;
		};
		FAC6F3380C4E39D1DF455F88 /* Frameworks */ = {
			isa = PBXFrameworksBuildPhase;
			buildActionMask = 2147483647;
			files = (
				6ADB0E142FBB800300BCF21E /* FirebaseMessaging in Frameworks */,
				6ADB0E062FBB800300BCF21E /* FirebaseAnalytics in Frameworks */,
				6ADB0E162FBB800300BCF21E /* FirebaseStorage in Frameworks */,
				6ADB0E0E2FBB800300BCF21E /* FirebaseCore in Frameworks */,
				6ADB0E082FBB800300BCF21E /* FirebaseAnalyticsCore in Frameworks */,
				6ADB0E192FBB805800BCF21E /* GoogleSignIn in Frameworks */,
				6ADB0E102FBB800300BCF21E /* FirebaseCrashlytics in Frameworks */,
				6A80A6382FC45E9000D71083 /* MealAiVision.framework in Frameworks */,
				6ADB0E0A2FBB800300BCF21E /* FirebaseAnalyticsIdentitySupport in Frameworks */,
				6ADB0E0C2FBB800300BCF21E /* FirebaseAuth in Frameworks */,
				6ADB0E122FBB800300BCF21E /* FirebaseFirestore in Frameworks */,
				6ADB0E1D2FBB800300BCF21E /* FirebaseFunctions in Frameworks */,
				6ADB0E1B2FBB805800BCF21E /* GoogleSignInSwift in Frameworks */,
				6AC0CA7100000000000000A1 /* CoreLocation.framework in Frameworks */,
			);
			runOnlyForDeploymentPostprocessing = 0;
		};
/* End PBXFrameworksBuildPhase section */

/* Begin PBXGroup section */
		06DAED8608A94379F832D5E0 /* Products */ = {
			isa = PBXGroup;
			children = (
				2250B356FD973D8CF8F13981 /* FoodRats.app */,
				6A80A6302FC45E9000D71083 /* MealAiVision.framework */,
			);
			name = Products;
			sourceTree = "<group>";
		};
		1B7209C9FC7A8474621D6A15 = {
			isa = PBXGroup;
			children = (
				9C81C07F6F3274ED9DBEED23 /* Configuration */,
				EA0799DCD3E76EAFB883865E /* iosApp */,
				6A80A6312FC45E9000D71083 /* MealAiVision */,
				6AC0CA7100000000000000A3 /* Frameworks */,
				06DAED8608A94379F832D5E0 /* Products */,
				C598369B9FBBC3E0D2D6DFFC /* Pods */,
			);
			sourceTree = "<group>";
		};
		6AC0CA7100000000000000A3 /* Frameworks */ = {
			isa = PBXGroup;
			children = (
				6AC0CA7100000000000000A2 /* CoreLocation.framework */,
				DAD561004B3C6829202F5EF8 /* libPods-MealAiVision.a */,
			);
			name = Frameworks;
			sourceTree = "<group>";
		};
		C598369B9FBBC3E0D2D6DFFC /* Pods */ = {
			isa = PBXGroup;
			children = (
				E49AB1A9725C79AC87065BB0 /* Pods-MealAiVision.debug.xcconfig */,
				CF22B23EE642ED3DA453E004 /* Pods-MealAiVision.release.xcconfig */,
			);
			path = Pods;
			sourceTree = "<group>";
		};
/* End PBXGroup section */

/* Begin PBXHeadersBuildPhase section */
		6A80A62B2FC45E9000D71083 /* Headers */ = {
			isa = PBXHeadersBuildPhase;
			buildActionMask = 2147483647;
			files = (
			);
			runOnlyForDeploymentPostprocessing = 0;
		};
/* End PBXHeadersBuildPhase section */

/* Begin PBXNativeTarget section */
		6A80A62F2FC45E9000D71083 /* MealAiVision */ = {
			isa = PBXNativeTarget;
			buildConfigurationList = 6A80A63D2FC45E9000D71083 /* Build configuration list for PBXNativeTarget "MealAiVision" */;
			buildPhases = (
				DF0439CDF7C2B434BA42AAFA /* [CP] Check Pods Manifest.lock */,
				6A80A62B2FC45E9000D71083 /* Headers */,
				6A80A62C2FC45E9000D71083 /* Sources */,
				6A80A62D2FC45E9000D71083 /* Frameworks */,
				6A80A62E2FC45E9000D71083 /* Resources */,
			);
			buildRules = (
			);
			dependencies = (
			);
			fileSystemSynchronizedGroups = (
				6A80A6312FC45E9000D71083 /* MealAiVision */,
			);
			name = MealAiVision;
			productName = MealAiVision;
			productReference = 6A80A6302FC45E9000D71083 /* MealAiVision.framework */;
			productType = "com.apple.product-type.framework";
		};
		E66734FA6FEB43BC7BA06321 /* iosApp */ = {
			isa = PBXNativeTarget;
			buildConfigurationList = 025C375830AC40B89846B9A4 /* Build configuration list for PBXNativeTarget "iosApp" */;
			buildPhases = (
				A14CFE35C5FE146F9B30E8FA /* Compile Kotlin Framework */,
				34273C7A6A2576DAF2CF86F4 /* Sources */,
				FAC6F3380C4E39D1DF455F88 /* Frameworks */,
				4E52E66F22C13DD0D96A32C3 /* Resources */,
				6AE5B06C2FBE4EB800D35EF3 /* Run Script */,
				6A80A63A2FC45E9000D71083 /* Embed Frameworks */,
			);
			buildRules = (
			);
			dependencies = (
				6A80A6372FC45E9000D71083 /* PBXTargetDependency */,
			);
			fileSystemSynchronizedGroups = (
				EA0799DCD3E76EAFB883865E /* iosApp */,
			);
			name = iosApp;
			packageProductDependencies = (
				6ADB0E052FBB800300BCF21E /* FirebaseAnalytics */,
				6ADB0E072FBB800300BCF21E /* FirebaseAnalyticsCore */,
				6ADB0E092FBB800300BCF21E /* FirebaseAnalyticsIdentitySupport */,
				6ADB0E0B2FBB800300BCF21E /* FirebaseAuth */,
				6ADB0E0D2FBB800300BCF21E /* FirebaseCore */,
				6ADB0E0F2FBB800300BCF21E /* FirebaseCrashlytics */,
				6ADB0E112FBB800300BCF21E /* FirebaseFirestore */,
				6ADB0E132FBB800300BCF21E /* FirebaseMessaging */,
				6ADB0E152FBB800300BCF21E /* FirebaseStorage */,
				6ADB0E1C2FBB800300BCF21E /* FirebaseFunctions */,
				6ADB0E182FBB805800BCF21E /* GoogleSignIn */,
				6ADB0E1A2FBB805800BCF21E /* GoogleSignInSwift */,
			);
			productName = iosApp;
			productReference = 2250B356FD973D8CF8F13981 /* FoodRats.app */;
			productType = "com.apple.product-type.application";
		};
/* End PBXNativeTarget section */

/* Begin PBXProject section */
		639BDF8EC17A836721998E94 /* Project object */ = {
			isa = PBXProject;
			attributes = {
				BuildIndependentTargetsInParallel = 1;
				LastSwiftUpdateCheck = 2640;
				LastUpgradeCheck = 2650;
				TargetAttributes = {
					6A80A62F2FC45E9000D71083 = {
						CreatedOnToolsVersion = 26.4.1;
					};
					E66734FA6FEB43BC7BA06321 = {
						CreatedOnToolsVersion = 16.2;
					};
				};
			};
			buildConfigurationList = D23D94128676C3730A54C03C /* Build configuration list for PBXProject "iosApp" */;
			developmentRegion = en;
			hasScannedForEncodings = 0;
			knownRegions = (
				en,
				Base,
			);
			mainGroup = 1B7209C9FC7A8474621D6A15;
			minimizedProjectReferenceProxies = 1;
			packageReferences = (
				6ADB0E042FBB800300BCF21E /* XCRemoteSwiftPackageReference "firebase-ios-sdk" */,
				6ADB0E172FBB805800BCF21E /* XCRemoteSwiftPackageReference "GoogleSignIn-iOS" */,
			);
			preferredProjectObjectVersion = 77;
			productRefGroup = 06DAED8608A94379F832D5E0 /* Products */;
			projectDirPath = "";
			projectRoot = "";
			targets = (
				E66734FA6FEB43BC7BA06321 /* iosApp */,
				6A80A62F2FC45E9000D71083 /* MealAiVision */,
			);
		};
/* End PBXProject section */

/* Begin PBXResourcesBuildPhase section */
		4E52E66F22C13DD0D96A32C3 /* Resources */ = {
			isa = PBXResourcesBuildPhase;
			buildActionMask = 2147483647;
			files = (
			);
			runOnlyForDeploymentPostprocessing = 0;
		};
		6A80A62E2FC45E9000D71083 /* Resources */ = {
			isa = PBXResourcesBuildPhase;
			buildActionMask = 2147483647;
			files = (
			);
			runOnlyForDeploymentPostprocessing = 0;
		};
/* End PBXResourcesBuildPhase section */

/* Begin PBXShellScriptBuildPhase section */
		6AE5B06C2FBE4EB800D35EF3 /* Run Script */ = {
			isa = PBXShellScriptBuildPhase;
			buildActionMask = 2147483647;
			files = (
			);
			inputFileListPaths = (
			);
			inputPaths = (
				"${DWARF_DSYM_FOLDER_PATH}/${DWARF_DSYM_FILE_NAME}/Contents/Resources/DWARF/${TARGET_NAME}",
				"$(SRCROOT)/$(BUILT_PRODUCTS_DIR)/$(INFOPLIST_PATH)",
			);
			name = "Run Script";
			outputFileListPaths = (
			);
			outputPaths = (
			);
			runOnlyForDeploymentPostprocessing = 0;
			shellPath = /bin/sh;
			shellScript = "\"${BUILD_DIR%/Build/*}/SourcePackages/checkouts/firebase-ios-sdk/Crashlytics/run\"\n";
		};
		A14CFE35C5FE146F9B30E8FA /* Compile Kotlin Framework */ = {
			isa = PBXShellScriptBuildPhase;
			alwaysOutOfDate = 1;
			buildActionMask = 2147483647;
			files = (
			);
			inputFileListPaths = (
			);
			inputPaths = (
			);
			name = "Compile Kotlin Framework";
			outputFileListPaths = (
			);
			outputPaths = (
			);
			runOnlyForDeploymentPostprocessing = 0;
			shellPath = /bin/sh;
			shellScript = "if [ \"YES\" = \"$OVERRIDE_KOTLIN_BUILD_IDE_SUPPORTED\" ]; then\n  echo \"Skipping Gradle build task invocation due to OVERRIDE_KOTLIN_BUILD_IDE_SUPPORTED environment variable set to \\\"YES\\\"\"\n  exit 0\nfi\n\n# Resolve JAVA_HOME for Xcode's stripped PATH.\nfind_java() {\n  # 1. JAVA_HOME already set\n  if [ -n \"$JAVA_HOME\" ] && [ -x \"$JAVA_HOME/bin/java\" ]; then return; fi\n  # 2. java_home helper (any version)\n  for v in 21 17 11; do\n    if H=$(/usr/libexec/java_home -v $v 2>/dev/null) && [ -n \"$H\" ]; then\n      export JAVA_HOME=\"$H\"; return\n    fi\n  done\n  if H=$(/usr/libexec/java_home 2>/dev/null) && [ -n \"$H\" ]; then\n    export JAVA_HOME=\"$H\"; return\n  fi\n  # 3. Common app-bundle JDKs\n  for P in \\\n    \"/Applications/Android Studio.app/Contents/jbr/Contents/Home\" \\\n    \"/Applications/Android Studio Preview.app/Contents/jbr/Contents/Home\" \\\n    \"$HOME/Applications/Android Studio.app/Contents/jbr/Contents/Home\" \\\n    \"/Applications/IntelliJ IDEA.app/Contents/jbr/Contents/Home\" \\\n    \"/Applications/IntelliJ IDEA CE.app/Contents/jbr/Contents/Home\" \\\n    \"$HOME/Applications/IntelliJ IDEA.app/Contents/jbr/Contents/Home\" \\\n    \"$HOME/Applications/IntelliJ IDEA CE.app/Contents/jbr/Contents/Home\"; do\n    if [ -x \"$P/bin/java\" ]; then export JAVA_HOME=\"$P\"; return; fi\n  done\n  # 4. JetBrains Toolbox installs\n  for D in \"$HOME/Library/Application Support/JetBrains/Toolbox/apps\"/*/*/*\"/Android Studio.app/Contents/jbr/Contents/Home\" \\\n           \"$HOME/Library/Application Support/JetBrains/Toolbox/apps\"/*/*/*\"/IntelliJ IDEA.app/Contents/jbr/Contents/Home\"; do\n    if [ -x \"$D/bin/java\" ]; then export JAVA_HOME=\"$D\"; return; fi\n  done\n  # 5. Gradle-provisioned (foojay) JDKs in ~/.gradle/jdks\n  for D in \"$HOME\"/.gradle/jdks/*/Contents/Home \"$HOME\"/.gradle/jdks/*; do\n    if [ -x \"$D/bin/java\" ]; then export JAVA_HOME=\"$D\"; return; fi\n  done\n  # 6. Homebrew openjdk\n  for P in /opt/homebrew/opt/openjdk@21/libexec/openjdk.jdk/Contents/Home \\\n           /opt/homebrew/opt/openjdk@17/libexec/openjdk.jdk/Contents/Home \\\n           /opt/homebrew/opt/openjdk/libexec/openjdk.jdk/Contents/Home \\\n           /usr/local/opt/openjdk@21/libexec/openjdk.jdk/Contents/Home \\\n           /usr/local/opt/openjdk@17/libexec/openjdk.jdk/Contents/Home \\\n           /usr/local/opt/openjdk/libexec/openjdk.jdk/Contents/Home; do\n    if [ -x \"$P/bin/java\" ]; then export JAVA_HOME=\"$P\"; return; fi\n  done\n  # 7. Generic search under /Library/Java/JavaVirtualMachines\n  for D in /Library/Java/JavaVirtualMachines/*/Contents/Home; do\n    if [ -x \"$D/bin/java\" ]; then export JAVA_HOME=\"$D\"; return; fi\n  done\n}\nfind_java\nif [ -z \"$JAVA_HOME\" ] || [ ! -x \"$JAVA_HOME/bin/java\" ]; then\n  echo \"error: Could not locate a Java runtime. Install JDK (brew install openjdk@21) or Android Studio.\" >&2\n  echo \"Searched: java_home, /Applications, ~/Applications, JetBrains Toolbox, ~/.gradle/jdks, Homebrew openjdk, /Library/Java/JavaVirtualMachines.\" >&2\n  exit 1\nfi\nexport PATH=\"$JAVA_HOME/bin:$PATH\"\necho \"Using JAVA_HOME=$JAVA_HOME\"\n\ncd \"$SRCROOT/..\"\n./gradlew :shared:embedAndSignAppleFrameworkForXcode\n";
		};
		DF0439CDF7C2B434BA42AAFA /* [CP] Check Pods Manifest.lock */ = {
			isa = PBXShellScriptBuildPhase;
			buildActionMask = 2147483647;
			files = (
			);
			inputFileListPaths = (
			);
			inputPaths = (
				"${PODS_PODFILE_DIR_PATH}/Podfile.lock",
				"${PODS_ROOT}/Manifest.lock",
			);
			name = "[CP] Check Pods Manifest.lock";
			outputFileListPaths = (
			);
			outputPaths = (
				"$(DERIVED_FILE_DIR)/Pods-MealAiVision-checkManifestLockResult.txt",
			);
			runOnlyForDeploymentPostprocessing = 0;
			shellPath = /bin/sh;
			shellScript = "diff \"${PODS_PODFILE_DIR_PATH}/Podfile.lock\" \"${PODS_ROOT}/Manifest.lock\" > /dev/null\nif [ $? != 0 ] ; then\n    # print error to STDERR\n    echo \"error: The sandbox is not in sync with the Podfile.lock. Run 'pod install' or update your CocoaPods installation.\" >&2\n    exit 1\nfi\n# This output is used by Xcode 'outputs' to avoid re-running this script phase.\necho \"SUCCESS\" > \"${SCRIPT_OUTPUT_FILE_0}\"\n";
			showEnvVarsInLog = 0;
		};
/* End PBXShellScriptBuildPhase section */

/* Begin PBXSourcesBuildPhase section */
		34273C7A6A2576DAF2CF86F4 /* Sources */ = {
			isa = PBXSourcesBuildPhase;
			buildActionMask = 2147483647;
			files = (
			);
			runOnlyForDeploymentPostprocessing = 0;
		};
		6A80A62C2FC45E9000D71083 /* Sources */ = {
			isa = PBXSourcesBuildPhase;
			buildActionMask = 2147483647;
			files = (
			);
			runOnlyForDeploymentPostprocessing = 0;
		};
/* End PBXSourcesBuildPhase section */

/* Begin PBXTargetDependency section */
		6A80A6372FC45E9000D71083 /* PBXTargetDependency */ = {
			isa = PBXTargetDependency;
			target = 6A80A62F2FC45E9000D71083 /* MealAiVision */;
			targetProxy = 6A80A6362FC45E9000D71083 /* PBXContainerItemProxy */;
		};
/* End PBXTargetDependency section */

/* Begin XCBuildConfiguration section */
		6119F1DF34798A36AFEC750B /* Debug */ = {
			isa = XCBuildConfiguration;
			baseConfigurationReferenceAnchor = 9C81C07F6F3274ED9DBEED23 /* Configuration */;
			baseConfigurationReferenceRelativePath = Config.xcconfig;
			buildSettings = {
				ALWAYS_SEARCH_USER_PATHS = NO;
				ASSETCATALOG_COMPILER_GENERATE_SWIFT_ASSET_SYMBOL_EXTENSIONS = YES;
				CLANG_ANALYZER_NONNULL = YES;
				CLANG_ANALYZER_NUMBER_OBJECT_CONVERSION = YES_AGGRESSIVE;
				CLANG_CXX_LANGUAGE_STANDARD = "gnu++20";
				CLANG_ENABLE_MODULES = YES;
				CLANG_ENABLE_OBJC_ARC = YES;
				CLANG_ENABLE_OBJC_WEAK = YES;
				CLANG_WARN_BLOCK_CAPTURE_AUTORELEASING = YES;
				CLANG_WARN_BOOL_CONVERSION = YES;
				CLANG_WARN_COMMA = YES;
				CLANG_WARN_CONSTANT_CONVERSION = YES;
				CLANG_WARN_DEPRECATED_OBJC_IMPLEMENTATIONS = YES;
				CLANG_WARN_DIRECT_OBJC_ISA_USAGE = YES_ERROR;
				CLANG_WARN_DOCUMENTATION_COMMENTS = YES;
				CLANG_WARN_EMPTY_BODY = YES;
				CLANG_WARN_ENUM_CONVERSION = YES;
				CLANG_WARN_INFINITE_RECURSION = YES;
				CLANG_WARN_INT_CONVERSION = YES;
				CLANG_WARN_NON_LITERAL_NULL_CONVERSION = YES;
				CLANG_WARN_OBJC_IMPLICIT_RETAIN_SELF = YES;
				CLANG_WARN_OBJC_LITERAL_CONVERSION = YES;
				CLANG_WARN_OBJC_ROOT_CLASS = YES_ERROR;
				CLANG_WARN_QUOTED_INCLUDE_IN_FRAMEWORK_HEADER = YES;
				CLANG_WARN_RANGE_LOOP_ANALYSIS = YES;
				CLANG_WARN_STRICT_PROTOTYPES = YES;
				CLANG_WARN_SUSPICIOUS_MOVE = YES;
				CLANG_WARN_UNGUARDED_AVAILABILITY = YES_AGGRESSIVE;
				CLANG_WARN_UNREACHABLE_CODE = YES;
				CLANG_WARN__DUPLICATE_METHOD_MATCH = YES;
				COPY_PHASE_STRIP = NO;
				DEBUG_INFORMATION_FORMAT = dwarf;
				DEVELOPMENT_TEAM = 2AH7L26L78;
				ENABLE_STRICT_OBJC_MSGSEND = YES;
				ENABLE_TESTABILITY = YES;
				ENABLE_USER_SCRIPT_SANDBOXING = NO;
				GCC_C_LANGUAGE_STANDARD = gnu17;
				GCC_DYNAMIC_NO_PIC = NO;
				GCC_NO_COMMON_BLOCKS = YES;
				GCC_OPTIMIZATION_LEVEL = 0;
				GCC_PREPROCESSOR_DEFINITIONS = (
					"DEBUG=1",
					"$(inherited)",
				);
				GCC_WARN_64_TO_32_BIT_CONVERSION = YES;
				GCC_WARN_ABOUT_RETURN_TYPE = YES_ERROR;
				GCC_WARN_UNDECLARED_SELECTOR = YES;
				GCC_WARN_UNINITIALIZED_AUTOS = YES_AGGRESSIVE;
				GCC_WARN_UNUSED_FUNCTION = YES;
				GCC_WARN_UNUSED_VARIABLE = YES;
				IPHONEOS_DEPLOYMENT_TARGET = 18.2;
				LOCALIZATION_PREFERS_STRING_CATALOGS = YES;
				MTL_ENABLE_DEBUG_INFO = INCLUDE_SOURCE;
				MTL_FAST_MATH = YES;
				ONLY_ACTIVE_ARCH = YES;
				SDKROOT = iphoneos;
				STRING_CATALOG_GENERATE_SYMBOLS = YES;
				SWIFT_ACTIVE_COMPILATION_CONDITIONS = "DEBUG $(inherited)";
				SWIFT_OPTIMIZATION_LEVEL = "-Onone";
			};
			name = Debug;
		};
		6A80A63B2FC45E9000D71083 /* Debug */ = {
			isa = XCBuildConfiguration;
			baseConfigurationReference = E49AB1A9725C79AC87065BB0 /* Pods-MealAiVision.debug.xcconfig */;
			buildSettings = {
				BUILD_LIBRARY_FOR_DISTRIBUTION = YES;
				CODE_SIGN_IDENTITY = "";
				CODE_SIGN_STYLE = Automatic;
				CURRENT_PROJECT_VERSION = 1;
				DYLIB_COMPATIBILITY_VERSION = 1;
				DYLIB_CURRENT_VERSION = 1;
				DYLIB_INSTALL_NAME_BASE = "@rpath";
				ENABLE_MODULE_VERIFIER = YES;
				ENABLE_USER_SCRIPT_SANDBOXING = YES;
				GENERATE_INFOPLIST_FILE = YES;
				INFOPLIST_KEY_NSHumanReadableCopyright = "";
				INSTALL_PATH = "$(LOCAL_LIBRARY_DIR)/Frameworks";
				IPHONEOS_DEPLOYMENT_TARGET = 18.2;
				LD_RUNPATH_SEARCH_PATHS = (
					"$(inherited)",
					"@executable_path/Frameworks",
					"@loader_path/Frameworks",
				);
				MARKETING_VERSION = 1.0;
				MODULE_VERIFIER_SUPPORTED_LANGUAGES = "objective-c objective-c++";
				MODULE_VERIFIER_SUPPORTED_LANGUAGE_STANDARDS = "gnu17 gnu++20";
				PRODUCT_BUNDLE_IDENTIFIER = es.schsebastian.MealAiVision;
				PRODUCT_NAME = "$(TARGET_NAME:c99extidentifier)";
				SKIP_INSTALL = YES;
				STRING_CATALOG_GENERATE_SYMBOLS = YES;
				SWIFT_APPROACHABLE_CONCURRENCY = YES;
				SWIFT_EMIT_LOC_STRINGS = YES;
				SWIFT_INSTALL_MODULE = YES;
				SWIFT_INSTALL_OBJC_HEADER = NO;
				SWIFT_UPCOMING_FEATURE_MEMBER_IMPORT_VISIBILITY = YES;
				SWIFT_VERSION = 5.0;
				TARGETED_DEVICE_FAMILY = "1,2";
				VERSIONING_SYSTEM = "apple-generic";
				VERSION_INFO_PREFIX = "";
			};
			name = Debug;
		};
		6A80A63C2FC45E9000D71083 /* Release */ = {
			isa = XCBuildConfiguration;
			baseConfigurationReference = CF22B23EE642ED3DA453E004 /* Pods-MealAiVision.release.xcconfig */;
			buildSettings = {
				BUILD_LIBRARY_FOR_DISTRIBUTION = YES;
				CODE_SIGN_IDENTITY = "";
				CODE_SIGN_STYLE = Automatic;
				CURRENT_PROJECT_VERSION = 1;
				DYLIB_COMPATIBILITY_VERSION = 1;
				DYLIB_CURRENT_VERSION = 1;
				DYLIB_INSTALL_NAME_BASE = "@rpath";
				ENABLE_MODULE_VERIFIER = YES;
				ENABLE_USER_SCRIPT_SANDBOXING = YES;
				GENERATE_INFOPLIST_FILE = YES;
				INFOPLIST_KEY_NSHumanReadableCopyright = "";
				INSTALL_PATH = "$(LOCAL_LIBRARY_DIR)/Frameworks";
				IPHONEOS_DEPLOYMENT_TARGET = 18.2;
				LD_RUNPATH_SEARCH_PATHS = (
					"$(inherited)",
					"@executable_path/Frameworks",
					"@loader_path/Frameworks",
				);
				MARKETING_VERSION = 1.0;
				MODULE_VERIFIER_SUPPORTED_LANGUAGES = "objective-c objective-c++";
				MODULE_VERIFIER_SUPPORTED_LANGUAGE_STANDARDS = "gnu17 gnu++20";
				PRODUCT_BUNDLE_IDENTIFIER = es.schsebastian.MealAiVision;
				PRODUCT_NAME = "$(TARGET_NAME:c99extidentifier)";
				SKIP_INSTALL = YES;
				STRING_CATALOG_GENERATE_SYMBOLS = YES;
				SWIFT_APPROACHABLE_CONCURRENCY = YES;
				SWIFT_EMIT_LOC_STRINGS = YES;
				SWIFT_INSTALL_MODULE = YES;
				SWIFT_INSTALL_OBJC_HEADER = NO;
				SWIFT_UPCOMING_FEATURE_MEMBER_IMPORT_VISIBILITY = YES;
				SWIFT_VERSION = 5.0;
				TARGETED_DEVICE_FAMILY = "1,2";
				VERSIONING_SYSTEM = "apple-generic";
				VERSION_INFO_PREFIX = "";
			};
			name = Release;
		};
		E14201947ECFFC8041B3C21C /* Release */ = {
			isa = XCBuildConfiguration;
			buildSettings = {
				ASSETCATALOG_COMPILER_APPICON_NAME = AppIcon;
				ASSETCATALOG_COMPILER_GLOBAL_ACCENT_COLOR_NAME = AccentColor;
				CODE_SIGN_IDENTITY = "Apple Development";
				CODE_SIGN_STYLE = Automatic;
				DEVELOPMENT_ASSET_PATHS = "\"iosApp/Preview Content\"";
				DEVELOPMENT_TEAM = 2AH7L26L78;
				ENABLE_PREVIEWS = YES;
				GENERATE_INFOPLIST_FILE = YES;
				INFOPLIST_FILE = iosApp/Info.plist;
				INFOPLIST_KEY_LSApplicationCategoryType = "public.app-category.food-and-drink";
				INFOPLIST_KEY_UIApplicationSceneManifest_Generation = YES;
				INFOPLIST_KEY_UIApplicationSupportsIndirectInputEvents = YES;
				INFOPLIST_KEY_UILaunchScreen_Generation = YES;
				INFOPLIST_KEY_UISupportedInterfaceOrientations_iPad = "UIInterfaceOrientationPortrait UIInterfaceOrientationPortraitUpsideDown UIInterfaceOrientationLandscapeLeft UIInterfaceOrientationLandscapeRight";
				INFOPLIST_KEY_UISupportedInterfaceOrientations_iPhone = "UIInterfaceOrientationPortrait UIInterfaceOrientationLandscapeLeft UIInterfaceOrientationLandscapeRight";
				LD_RUNPATH_SEARCH_PATHS = (
					"$(inherited)",
					"@executable_path/Frameworks",
				);
				SWIFT_EMIT_LOC_STRINGS = YES;
				SWIFT_VERSION = 5.0;
				TARGETED_DEVICE_FAMILY = "1,2";
			};
			name = Release;
		};
		E52B5491849A31418FA1A297 /* Release */ = {
			isa = XCBuildConfiguration;
			baseConfigurationReferenceAnchor = 9C81C07F6F3274ED9DBEED23 /* Configuration */;
			baseConfigurationReferenceRelativePath = Config.xcconfig;
			buildSettings = {
				ALWAYS_SEARCH_USER_PATHS = NO;
				ASSETCATALOG_COMPILER_GENERATE_SWIFT_ASSET_SYMBOL_EXTENSIONS = YES;
				CLANG_ANALYZER_NONNULL = YES;
				CLANG_ANALYZER_NUMBER_OBJECT_CONVERSION = YES_AGGRESSIVE;
				CLANG_CXX_LANGUAGE_STANDARD = "gnu++20";
				CLANG_ENABLE_MODULES = YES;
				CLANG_ENABLE_OBJC_ARC = YES;
				CLANG_ENABLE_OBJC_WEAK = YES;
				CLANG_WARN_BLOCK_CAPTURE_AUTORELEASING = YES;
				CLANG_WARN_BOOL_CONVERSION = YES;
				CLANG_WARN_COMMA = YES;
				CLANG_WARN_CONSTANT_CONVERSION = YES;
				CLANG_WARN_DEPRECATED_OBJC_IMPLEMENTATIONS = YES;
				CLANG_WARN_DIRECT_OBJC_ISA_USAGE = YES_ERROR;
				CLANG_WARN_DOCUMENTATION_COMMENTS = YES;
				CLANG_WARN_EMPTY_BODY = YES;
				CLANG_WARN_ENUM_CONVERSION = YES;
				CLANG_WARN_INFINITE_RECURSION = YES;
				CLANG_WARN_INT_CONVERSION = YES;
				CLANG_WARN_NON_LITERAL_NULL_CONVERSION = YES;
				CLANG_WARN_OBJC_IMPLICIT_RETAIN_SELF = YES;
				CLANG_WARN_OBJC_LITERAL_CONVERSION = YES;
				CLANG_WARN_OBJC_ROOT_CLASS = YES_ERROR;
				CLANG_WARN_QUOTED_INCLUDE_IN_FRAMEWORK_HEADER = YES;
				CLANG_WARN_RANGE_LOOP_ANALYSIS = YES;
				CLANG_WARN_STRICT_PROTOTYPES = YES;
				CLANG_WARN_SUSPICIOUS_MOVE = YES;
				CLANG_WARN_UNGUARDED_AVAILABILITY = YES_AGGRESSIVE;
				CLANG_WARN_UNREACHABLE_CODE = YES;
				CLANG_WARN__DUPLICATE_METHOD_MATCH = YES;
				COPY_PHASE_STRIP = NO;
				DEBUG_INFORMATION_FORMAT = "dwarf-with-dsym";
				DEVELOPMENT_TEAM = 2AH7L26L78;
				ENABLE_NS_ASSERTIONS = NO;
				ENABLE_STRICT_OBJC_MSGSEND = YES;
				ENABLE_USER_SCRIPT_SANDBOXING = NO;
				GCC_C_LANGUAGE_STANDARD = gnu17;
				GCC_NO_COMMON_BLOCKS = YES;
				GCC_WARN_64_TO_32_BIT_CONVERSION = YES;
				GCC_WARN_ABOUT_RETURN_TYPE = YES_ERROR;
				GCC_WARN_UNDECLARED_SELECTOR = YES;
				GCC_WARN_UNINITIALIZED_AUTOS = YES_AGGRESSIVE;
				GCC_WARN_UNUSED_FUNCTION = YES;
				GCC_WARN_UNUSED_VARIABLE = YES;
				IPHONEOS_DEPLOYMENT_TARGET = 18.2;
				LOCALIZATION_PREFERS_STRING_CATALOGS = YES;
				MTL_ENABLE_DEBUG_INFO = NO;
				MTL_FAST_MATH = YES;
				SDKROOT = iphoneos;
				STRING_CATALOG_GENERATE_SYMBOLS = YES;
				SWIFT_COMPILATION_MODE = wholemodule;
				VALIDATE_PRODUCT = YES;
			};
			name = Release;
		};
		E892EDFF8578E40749B711F6 /* Debug */ = {
			isa = XCBuildConfiguration;
			buildSettings = {
				ASSETCATALOG_COMPILER_APPICON_NAME = AppIcon;
				ASSETCATALOG_COMPILER_GLOBAL_ACCENT_COLOR_NAME = AccentColor;
				CODE_SIGN_IDENTITY = "Apple Development";
				CODE_SIGN_STYLE = Automatic;
				DEVELOPMENT_ASSET_PATHS = "\"iosApp/Preview Content\"";
				DEVELOPMENT_TEAM = 2AH7L26L78;
				ENABLE_PREVIEWS = YES;
				GENERATE_INFOPLIST_FILE = YES;
				INFOPLIST_FILE = iosApp/Info.plist;
				INFOPLIST_KEY_LSApplicationCategoryType = "public.app-category.food-and-drink";
				INFOPLIST_KEY_UIApplicationSceneManifest_Generation = YES;
				INFOPLIST_KEY_UIApplicationSupportsIndirectInputEvents = YES;
				INFOPLIST_KEY_UILaunchScreen_Generation = YES;
				INFOPLIST_KEY_UISupportedInterfaceOrientations_iPad = "UIInterfaceOrientationPortrait UIInterfaceOrientationPortraitUpsideDown UIInterfaceOrientationLandscapeLeft UIInterfaceOrientationLandscapeRight";
				INFOPLIST_KEY_UISupportedInterfaceOrientations_iPhone = "UIInterfaceOrientationPortrait UIInterfaceOrientationLandscapeLeft UIInterfaceOrientationLandscapeRight";
				LD_RUNPATH_SEARCH_PATHS = (
					"$(inherited)",
					"@executable_path/Frameworks",
				);
				SWIFT_EMIT_LOC_STRINGS = YES;
				SWIFT_VERSION = 5.0;
				TARGETED_DEVICE_FAMILY = "1,2";
			};
			name = Debug;
		};
/* End XCBuildConfiguration section */

/* Begin XCConfigurationList section */
		025C375830AC40B89846B9A4 /* Build configuration list for PBXNativeTarget "iosApp" */ = {
			isa = XCConfigurationList;
			buildConfigurations = (
				E892EDFF8578E40749B711F6 /* Debug */,
				E14201947ECFFC8041B3C21C /* Release */,
			);
			defaultConfigurationIsVisible = 0;
			defaultConfigurationName = Release;
		};
		6A80A63D2FC45E9000D71083 /* Build configuration list for PBXNativeTarget "MealAiVision" */ = {
			isa = XCConfigurationList;
			buildConfigurations = (
				6A80A63B2FC45E9000D71083 /* Debug */,
				6A80A63C2FC45E9000D71083 /* Release */,
			);
			defaultConfigurationIsVisible = 0;
			defaultConfigurationName = Release;
		};
		D23D94128676C3730A54C03C /* Build configuration list for PBXProject "iosApp" */ = {
			isa = XCConfigurationList;
			buildConfigurations = (
				6119F1DF34798A36AFEC750B /* Debug */,
				E52B5491849A31418FA1A297 /* Release */,
			);
			defaultConfigurationIsVisible = 0;
			defaultConfigurationName = Release;
		};
/* End XCConfigurationList section */

/* Begin XCRemoteSwiftPackageReference section */
		6ADB0E042FBB800300BCF21E /* XCRemoteSwiftPackageReference "firebase-ios-sdk" */ = {
			isa = XCRemoteSwiftPackageReference;
			repositoryURL = "https://github.com/firebase/firebase-ios-sdk";
			requirement = {
				kind = upToNextMajorVersion;
				minimumVersion = 12.13.0;
			};
		};
		6ADB0E172FBB805800BCF21E /* XCRemoteSwiftPackageReference "GoogleSignIn-iOS" */ = {
			isa = XCRemoteSwiftPackageReference;
			repositoryURL = "https://github.com/google/GoogleSignIn-iOS";
			requirement = {
				kind = upToNextMajorVersion;
				minimumVersion = 9.1.0;
			};
		};
/* End XCRemoteSwiftPackageReference section */

/* Begin XCSwiftPackageProductDependency section */
		6ADB0E052FBB800300BCF21E /* FirebaseAnalytics */ = {
			isa = XCSwiftPackageProductDependency;
			package = 6ADB0E042FBB800300BCF21E /* XCRemoteSwiftPackageReference "firebase-ios-sdk" */;
			productName = FirebaseAnalytics;
		};
		6ADB0E072FBB800300BCF21E /* FirebaseAnalyticsCore */ = {
			isa = XCSwiftPackageProductDependency;
			package = 6ADB0E042FBB800300BCF21E /* XCRemoteSwiftPackageReference "firebase-ios-sdk" */;
			productName = FirebaseAnalyticsCore;
		};
		6ADB0E092FBB800300BCF21E /* FirebaseAnalyticsIdentitySupport */ = {
			isa = XCSwiftPackageProductDependency;
			package = 6ADB0E042FBB800300BCF21E /* XCRemoteSwiftPackageReference "firebase-ios-sdk" */;
			productName = FirebaseAnalyticsIdentitySupport;
		};
		6ADB0E0B2FBB800300BCF21E /* FirebaseAuth */ = {
			isa = XCSwiftPackageProductDependency;
			package = 6ADB0E042FBB800300BCF21E /* XCRemoteSwiftPackageReference "firebase-ios-sdk" */;
			productName = FirebaseAuth;
		};
		6ADB0E0D2FBB800300BCF21E /* FirebaseCore */ = {
			isa = XCSwiftPackageProductDependency;
			package = 6ADB0E042FBB800300BCF21E /* XCRemoteSwiftPackageReference "firebase-ios-sdk" */;
			productName = FirebaseCore;
		};
		6ADB0E0F2FBB800300BCF21E /* FirebaseCrashlytics */ = {
			isa = XCSwiftPackageProductDependency;
			package = 6ADB0E042FBB800300BCF21E /* XCRemoteSwiftPackageReference "firebase-ios-sdk" */;
			productName = FirebaseCrashlytics;
		};
		6ADB0E112FBB800300BCF21E /* FirebaseFirestore */ = {
			isa = XCSwiftPackageProductDependency;
			package = 6ADB0E042FBB800300BCF21E /* XCRemoteSwiftPackageReference "firebase-ios-sdk" */;
			productName = FirebaseFirestore;
		};
		6ADB0E132FBB800300BCF21E /* FirebaseMessaging */ = {
			isa = XCSwiftPackageProductDependency;
			package = 6ADB0E042FBB800300BCF21E /* XCRemoteSwiftPackageReference "firebase-ios-sdk" */;
			productName = FirebaseMessaging;
		};
		6ADB0E152FBB800300BCF21E /* FirebaseStorage */ = {
			isa = XCSwiftPackageProductDependency;
			package = 6ADB0E042FBB800300BCF21E /* XCRemoteSwiftPackageReference "firebase-ios-sdk" */;
			productName = FirebaseStorage;
		};
		6ADB0E182FBB805800BCF21E /* GoogleSignIn */ = {
			isa = XCSwiftPackageProductDependency;
			package = 6ADB0E172FBB805800BCF21E /* XCRemoteSwiftPackageReference "GoogleSignIn-iOS" */;
			productName = GoogleSignIn;
		};
		6ADB0E1A2FBB805800BCF21E /* GoogleSignInSwift */ = {
			isa = XCSwiftPackageProductDependency;
			package = 6ADB0E172FBB805800BCF21E /* XCRemoteSwiftPackageReference "GoogleSignIn-iOS" */;
			productName = GoogleSignInSwift;
		};
		6ADB0E1C2FBB800300BCF21E /* FirebaseFunctions */ = {
			isa = XCSwiftPackageProductDependency;
			package = 6ADB0E042FBB800300BCF21E /* XCRemoteSwiftPackageReference "firebase-ios-sdk" */;
			productName = FirebaseFunctions;
		};
/* End XCSwiftPackageProductDependency section */
	};
	rootObject = 639BDF8EC17A836721998E94 /* Project object */;
}
